
Microsoft Visual Studio Solution File, Format Version 12.00
# Visual Studio Version 17
VisualStudioVersion = 17.0.31903.59
MinimumVisualStudioVersion = 10.0.40219.1
Project("{2150E333-8FDC-42A3-9474-1A3956D46DE8}") = "src", "src", "{827E0CD3-B72D-47B6-A68D-7590B98EB39B}"
EndProject
Project("{FAE04EC0-301F-11D3-BF4B-00C04F79EFBC}") = "PremierVenue.API", "src\PremierVenue.API\PremierVenue.API.csproj", "{E1C2B1E5-E703-4796-8088-636654A7516C}"
EndProject
Project("{FAE04EC0-301F-11D3-BF4B-00C04F79EFBC}") = "PremierVenue.Core", "src\PremierVenue.Core\PremierVenue.Core.csproj", "{9671A73F-A753-4714-8001-CE674A628E70}"
EndProject
Project("{FAE04EC0-301F-11D3-BF4B-00C04F79EFBC}") = "PremierVenue.Domain", "src\PremierVenue.Domain\PremierVenue.Domain.csproj", "{4BCB7C70-4EFC-412C-9927-B9AB67E68BF1}"
EndProject
Project("{FAE04EC0-301F-11D3-BF4B-00C04F79EFBC}") = "PremierVenue.Infrastructure", "src\PremierVenue.Infrastructure\PremierVenue.Infrastructure.csproj", "{A9356F48-B080-4C47-898C-4D364BDDF7A3}"
EndProject
Project("{2150E333-8FDC-42A3-9474-1A3956D46DE8}") = "tests", "tests", "{0AB3BF05-4346-4AA6-1389-037BE0695223}"
EndProject
Project("{FAE04EC0-301F-11D3-BF4B-00C04F79EFBC}") = "PremierVenue.Tests", "tests\PremierVenue.Tests\PremierVenue.Tests.csproj", "{E4E28FB3-54C0-49B4-9C88-2C282113BC40}"
EndProject
Global
	GlobalSection(SolutionConfigurationPlatforms) = preSolution
		Debug|Any CPU = Debug|Any CPU
		Debug|x64 = Debug|x64
		Debug|x86 = Debug|x86
		Release|Any CPU = Release|Any CPU
		Release|x64 = Release|x64
		Release|x86 = Release|x86
	EndGlobalSection
	GlobalSection(ProjectConfigurationPlatforms) = postSolution
		{E1C2B1E5-E703-4796-8088-636654A7516C}.Debug|Any CPU.ActiveCfg = Debug|Any CPU
		{E1C2B1E5-E703-4796-8088-636654A7516C}.Debug|Any CPU.Build.0 = Debug|Any CPU
		{E1C2B1E5-E703-4796-8088-636654A7516C}.Debug|x64.ActiveCfg = Debug|Any CPU
		{E1C2B1E5-E703-4796-8088-636654A7516C}.Debug|x64.Build.0 = Debug|Any CPU
		{E1C2B1E5-E703-4796-8088-636654A7516C}.Debug|x86.ActiveCfg = Debug|Any CPU
		{E1C2B1E5-E703-4796-8088-636654A7516C}.Debug|x86.Build.0 = Debug|Any CPU
		{E1C2B1E5-E703-4796-8088-636654A7516C}.Release|Any CPU.ActiveCfg = Release|Any CPU
		{E1C2B1E5-E703-4796-8088-636654A7516C}.Release|Any CPU.Build.0 = Release|Any CPU
		{E1C2B1E5-E703-4796-8088-636654A7516C}.Release|x64.ActiveCfg = Release|Any CPU
		{E1C2B1E5-E703-4796-8088-636654A7516C}.Release|x64.Build.0 = Release|Any CPU
		{E1C2B1E5-E703-4796-8088-636654A7516C}.Release|x86.ActiveCfg = Release|Any CPU
		{E1C2B1E5-E703-4796-8088-636654A7516C}.Release|x86.Build.0 = Release|Any CPU
		{9671A73F-A753-4714-8001-CE674A628E70}.Debug|Any CPU.ActiveCfg = Debug|Any CPU
		{9671A73F-A753-4714-8001-CE674A628E70}.Debug|Any CPU.Build.0 = Debug|Any CPU
		{9671A73F-A753-4714-8001-CE674A628E70}.Debug|x64.ActiveCfg = Debug|Any CPU
		{9671A73F-A753-4714-8001-CE674A628E70}.Debug|x64.Build.0 = Debug|Any CPU
		{9671A73F-A753-4714-8001-CE674A628E70}.Debug|x86.ActiveCfg = Debug|Any CPU
		{9671A73F-A753-4714-8001-CE674A628E70}.Debug|x86.Build.0 = Debug|Any CPU
		{9671A73F-A753-4714-8001-CE674A628E70}.Release|Any CPU.ActiveCfg = Release|Any CPU
		{9671A73F-A753-4714-8001-CE674A628E70}.Release|Any CPU.Build.0 = Release|Any CPU
		{9671A73F-A753-4714-8001-CE674A628E70}.Release|x64.ActiveCfg = Release|Any CPU
		{9671A73F-A753-4714-8001-CE674A628E70}.Release|x64.Build.0 = Release|Any CPU
		{9671A73F-A753-4714-8001-CE674A628E70}.Release|x86.ActiveCfg = Release|Any CPU
		{9671A73F-A753-4714-8001-CE674A628E70}.Release|x86.Build.0 = Release|Any CPU
		{4BCB7C70-4EFC-412C-9927-B9AB67E68BF1}.Debug|Any CPU.ActiveCfg = Debug|Any CPU
		{4BCB7C70-4EFC-412C-9927-B9AB67E68BF1}.Debug|Any CPU.Build.0 = Debug|Any CPU
		{4BCB7C70-4EFC-412C-9927-B9AB67E68BF1}.Debug|x64.ActiveCfg = Debug|Any CPU
		{4BCB7C70-4EFC-412C-9927-B9AB67E68BF1}.Debug|x64.Build.0 = Debug|Any CPU
		{4BCB7C70-4EFC-412C-9927-B9AB67E68BF1}.Debug|x86.ActiveCfg = Debug|Any CPU
		{4BCB7C70-4EFC-412C-9927-B9AB67E68BF1}.Debug|x86.Build.0 = Debug|Any CPU
		{4BCB7C70-4EFC-412C-9927-B9AB67E68BF1}.Release|Any CPU.ActiveCfg = Release|Any CPU
		{4BCB7C70-4EFC-412C-9927-B9AB67E68BF1}.Release|Any CPU.Build.0 = Release|Any CPU
		{4BCB7C70-4EFC-412C-9927-B9AB67E68BF1}.Release|x64.ActiveCfg = Release|Any CPU
		{4BCB7C70-4EFC-412C-9927-B9AB67E68BF1}.Release|x64.Build.0 = Release|Any CPU
		{4BCB7C70-4EFC-412C-9927-B9AB67E68BF1}.Release|x86.ActiveCfg = Release|Any CPU
		{4BCB7C70-4EFC-412C-9927-B9AB67E68BF1}.Release|x86.Build.0 = Release|Any CPU
		{A9356F48-B080-4C47-898C-4D364BDDF7A3}.Debug|Any CPU.ActiveCfg = Debug|Any CPU
		{A9356F48-B080-4C47-898C-4D364BDDF7A3}.Debug|Any CPU.Build.0 = Debug|Any CPU
		{A9356F48-B080-4C47-898C-4D364BDDF7A3}.Debug|x64.ActiveCfg = Debug|Any CPU
		{A9356F48-B080-4C47-898C-4D364BDDF7A3}.Debug|x64.Build.0 = Debug|Any CPU
		{A9356F48-B080-4C47-898C-4D364BDDF7A3}.Debug|x86.ActiveCfg = Debug|Any CPU
		{A9356F48-B080-4C47-898C-4D364BDDF7A3}.Debug|x86.Build.0 = Debug|Any CPU
		{A9356F48-B080-4C47-898C-4D364BDDF7A3}.Release|Any CPU.ActiveCfg = Release|Any CPU
		{A9356F48-B080-4C47-898C-4D364BDDF7A3}.Release|Any CPU.Build.0 = Release|Any CPU
		{A9356F48-B080-4C47-898C-4D364BDDF7A3}.Release|x64.ActiveCfg = Release|Any CPU
		{A9356F48-B080-4C47-898C-4D364BDDF7A3}.Release|x64.Build.0 = Release|Any CPU
		{A9356F48-B080-4C47-898C-4D364BDDF7A3}.Release|x86.ActiveCfg = Release|Any CPU
		{A9356F48-B080-4C47-898C-4D364BDDF7A3}.Release|x86.Build.0 = Release|Any CPU
		{E4E28FB3-54C0-49B4-9C88-2C282113BC40}.Debug|Any CPU.ActiveCfg = Debug|Any CPU
		{E4E28FB3-54C0-49B4-9C88-2C282113BC40}.Debug|Any CPU.Build.0 = Debug|Any CPU
		{E4E28FB3-54C0-49B4-9C88-2C282113BC40}.Debug|x64.ActiveCfg = Debug|Any CPU
		{E4E28FB3-54C0-49B4-9C88-2C282113BC40}.Debug|x64.Build.0 = Debug|Any CPU
		{E4E28FB3-54C0-49B4-9C88-2C282113BC40}.Debug|x86.ActiveCfg = Debug|Any CPU
		{E4E28FB3-54C0-49B4-9C88-2C282113BC40}.Debug|x86.Build.0 = Debug|Any CPU
		{E4E28FB3-54C0-49B4-9C88-2C282113BC40}.Release|Any CPU.ActiveCfg = Release|Any CPU
		{E4E28FB3-54C0-49B4-9C88-2C282113BC40}.Release|Any CPU.Build.0 = Release|Any CPU
		{E4E28FB3-54C0-49B4-9C88-2C282113BC40}.Release|x64.ActiveCfg = Release|Any CPU
		{E4E28FB3-54C0-49B4-9C88-2C282113BC40}.Release|x64.Build.0 = Release|Any CPU
		{E4E28FB3-54C0-49B4-9C88-2C282113BC40}.Release|x86.ActiveCfg = Release|Any CPU
		{E4E28FB3-54C0-49B4-9C88-2C282113BC40}.Release|x86.Build.0 = Release|Any CPU
	EndGlobalSection
	GlobalSection(SolutionProperties) = preSolution
		HideSolutionNode = FALSE
	EndGlobalSection
	GlobalSection(NestedProjects) = preSolution
		{E1C2B1E5-E703-4796-8088-636654A7516C} = {827E0CD3-B72D-47B6-A68D-7590B98EB39B}
		{9671A73F-A753-4714-8001-CE674A628E70} = {827E0CD3-B72D-47B6-A68D-7590B98EB39B}
		{4BCB7C70-4EFC-412C-9927-B9AB67E68BF1} = {827E0CD3-B72D-47B6-A68D-7590B98EB39B}
		{A9356F48-B080-4C47-898C-4D364BDDF7A3} = {827E0CD3-B72D-47B6-A68D-7590B98EB39B}
		{E4E28FB3-54C0-49B4-9C88-2C282113BC40} = {0AB3BF05-4346-4AA6-1389-037BE0695223}
	EndGlobalSection
EndGlobal
